
Microsoft Visual Studio Solution File, Format Version 12.00
# Visual Studio Version 16
VisualStudioVersion = 16.0.32228.343
MinimumVisualStudioVersion = 10.0.40219.1
Project("{2150E333-8FDC-42A3-9474-1A3956D46DE8}") = "Api.Application", "Api.Application", "{ADFEEF80-2B6B-4661-AD40-673B0FC745AC}"
EndProject
Project("{2150E333-8FDC-42A3-9474-1A3956D46DE8}") = "Api.CrossCutting", "Api.CrossCutting", "{11EC97EF-4A9B-4CAE-8EC4-C2117C90914F}"
EndProject
Project("{2150E333-8FDC-42A3-9474-1A3956D46DE8}") = "Api.Data", "Api.Data", "{ABD66B98-371B-4801-B562-927C3C17569C}"
EndProject
Project("{2150E333-8FDC-42A3-9474-1A3956D46DE8}") = "Api.Domain", "Api.Domain", "{64D3C40F-CFAE-4CEF-A434-000CC4C99935}"
EndProject
Project("{9A19103F-16F7-4668-BE54-9A1E7A4F7556}") = "WebAPI", "WebAPI\WebAPI.csproj", "{61DC05C5-2D69-4F2E-BB95-88E76D6F8455}"
EndProject
Project("{9A19103F-16F7-4668-BE54-9A1E7A4F7556}") = "CrossCutting", "CrossCutting\CrossCutting.csproj", "{9481E2AF-3996-43A9-AD6D-A02D84F4A2C8}"
EndProject
Project("{9A19103F-16F7-4668-BE54-9A1E7A4F7556}") = "Data", "Data\Data.csproj", "{9E7E916F-6676-449E-A304-FE048EAF5A83}"
EndProject
Project("{9A19103F-16F7-4668-BE54-9A1E7A4F7556}") = "Domain", "Domain\Domain.csproj", "{F12BEC60-83F4-4683-9DA8-32C70BA84074}"
EndProject
Project("{2150E333-8FDC-42A3-9474-1A3956D46DE8}") = "Api.Infrastucture", "Api.Infrastucture", "{37A5A2AE-B75A-472F-95FC-BAF1F465CD5B}"
EndProject
Project("{9A19103F-16F7-4668-BE54-9A1E7A4F7556}") = "Api.Service", "Api.Service\Api.Service.csproj", "{9C97010B-94B9-4311-9765-1ADD51EEE34F}"
EndProject
Project("{2150E333-8FDC-42A3-9474-1A3956D46DE8}") = "Api.Data.Test", "Api.Data.Test", "{224EA8B4-1F27-4ED0-BB50-4DF893FCD957}"
EndProject
Project("{FAE04EC0-301F-11D3-BF4B-00C04F79EFBC}") = "Data.Test", "Data.Test\Data.Test.csproj", "{E7F4196E-DAEA-44C5-B42D-8F926EEA8B08}"
EndProject
Global
	GlobalSection(SolutionConfigurationPlatforms) = preSolution
		Debug|Any CPU = Debug|Any CPU
		Release|Any CPU = Release|Any CPU
	EndGlobalSection
	GlobalSection(ProjectConfigurationPlatforms) = postSolution
		{61DC05C5-2D69-4F2E-BB95-88E76D6F8455}.Debug|Any CPU.ActiveCfg = Debug|Any CPU
		{61DC05C5-2D69-4F2E-BB95-88E76D6F8455}.Debug|Any CPU.Build.0 = Debug|Any CPU
		{61DC05C5-2D69-4F2E-BB95-88E76D6F8455}.Release|Any CPU.ActiveCfg = Release|Any CPU
		{61DC05C5-2D69-4F2E-BB95-88E76D6F8455}.Release|Any CPU.Build.0 = Release|Any CPU
		{9481E2AF-3996-43A9-AD6D-A02D84F4A2C8}.Debug|Any CPU.ActiveCfg = Debug|Any CPU
		{9481E2AF-3996-43A9-AD6D-A02D84F4A2C8}.Debug|Any CPU.Build.0 = Debug|Any CPU
		{9481E2AF-3996-43A9-AD6D-A02D84F4A2C8}.Release|Any CPU.ActiveCfg = Release|Any CPU
		{9481E2AF-3996-43A9-AD6D-A02D84F4A2C8}.Release|Any CPU.Build.0 = Release|Any CPU
		{9E7E916F-6676-449E-A304-FE048EAF5A83}.Debug|Any CPU.ActiveCfg = Debug|Any CPU
		{9E7E916F-6676-449E-A304-FE048EAF5A83}.Debug|Any CPU.Build.0 = Debug|Any CPU
		{9E7E916F-6676-449E-A304-FE048EAF5A83}.Release|Any CPU.ActiveCfg = Release|Any CPU
		{9E7E916F-6676-449E-A304-FE048EAF5A83}.Release|Any CPU.Build.0 = Release|Any CPU
		{F12BEC60-83F4-4683-9DA8-32C70BA84074}.Debug|Any CPU.ActiveCfg = Debug|Any CPU
		{F12BEC60-83F4-4683-9DA8-32C70BA84074}.Debug|Any CPU.Build.0 = Debug|Any CPU
		{F12BEC60-83F4-4683-9DA8-32C70BA84074}.Release|Any CPU.ActiveCfg = Release|Any CPU
		{F12BEC60-83F4-4683-9DA8-32C70BA84074}.Release|Any CPU.Build.0 = Release|Any CPU
		{9C97010B-94B9-4311-9765-1ADD51EEE34F}.Debug|Any CPU.ActiveCfg = Debug|Any CPU
		{9C97010B-94B9-4311-9765-1ADD51EEE34F}.Debug|Any CPU.Build.0 = Debug|Any CPU
		{9C97010B-94B9-4311-9765-1ADD51EEE34F}.Release|Any CPU.ActiveCfg = Release|Any CPU
		{9C97010B-94B9-4311-9765-1ADD51EEE34F}.Release|Any CPU.Build.0 = Release|Any CPU
		{E7F4196E-DAEA-44C5-B42D-8F926EEA8B08}.Debug|Any CPU.ActiveCfg = Debug|Any CPU
		{E7F4196E-DAEA-44C5-B42D-8F926EEA8B08}.Debug|Any CPU.Build.0 = Debug|Any CPU
		{E7F4196E-DAEA-44C5-B42D-8F926EEA8B08}.Release|Any CPU.ActiveCfg = Release|Any CPU
		{E7F4196E-DAEA-44C5-B42D-8F926EEA8B08}.Release|Any CPU.Build.0 = Release|Any CPU
	EndGlobalSection
	GlobalSection(SolutionProperties) = preSolution
		HideSolutionNode = FALSE
	EndGlobalSection
	GlobalSection(NestedProjects) = preSolution
		{11EC97EF-4A9B-4CAE-8EC4-C2117C90914F} = {37A5A2AE-B75A-472F-95FC-BAF1F465CD5B}
		{ABD66B98-371B-4801-B562-927C3C17569C} = {37A5A2AE-B75A-472F-95FC-BAF1F465CD5B}
		{61DC05C5-2D69-4F2E-BB95-88E76D6F8455} = {ADFEEF80-2B6B-4661-AD40-673B0FC745AC}
		{9481E2AF-3996-43A9-AD6D-A02D84F4A2C8} = {11EC97EF-4A9B-4CAE-8EC4-C2117C90914F}
		{9E7E916F-6676-449E-A304-FE048EAF5A83} = {ABD66B98-371B-4801-B562-927C3C17569C}
		{F12BEC60-83F4-4683-9DA8-32C70BA84074} = {64D3C40F-CFAE-4CEF-A434-000CC4C99935}
		{E7F4196E-DAEA-44C5-B42D-8F926EEA8B08} = {224EA8B4-1F27-4ED0-BB50-4DF893FCD957}
	EndGlobalSection
	GlobalSection(ExtensibilityGlobals) = postSolution
		SolutionGuid = {4AF5A523-3719-417D-87A9-850041F2DA32}
	EndGlobalSection
EndGlobal
